<?xml version="1.0" encoding="utf-8"?>
<Project ToolsVersion="4.0" xmlns="http://schemas.microsoft.com/developer/msbuild/2003">
  <ItemGroup>
    <Filter Include="소스 파일">
      <UniqueIdentifier>{4FC737F1-C7A5-4376-A066-2A32D752A2FF}</UniqueIdentifier>
      <Extensions>cpp;c;cc;cxx;c++;cppm;ixx;def;odl;idl;hpj;bat;asm;asmx</Extensions>
    </Filter>
    <Filter Include="리소스 파일">
      <UniqueIdentifier>{67DA6AB6-F800-4c08-8B7A-83BB121AAD01}</UniqueIdentifier>
      <Extensions>rc;ico;cur;bmp;dlg;rc2;rct;bin;rgs;gif;jpg;jpeg;jpe;resx;tiff;tif;png;wav;mfcribbon-ms</Extensions>
    </Filter>
    <Filter Include="소스 파일\Headers">
      <UniqueIdentifier>{e36e20f0-0d1c-4462-b0a5-783ef78bb93e}</UniqueIdentifier>
    </Filter>
    <Filter Include="소스 파일\Mains">
      <UniqueIdentifier>{95614cd3-97fe-4547-9c46-ed26a2425469}</UniqueIdentifier>
    </Filter>
    <Filter Include="소스 파일\Headers\andro">
      <UniqueIdentifier>{0ab21948-1a09-413e-975d-e3d0e7899cbc}</UniqueIdentifier>
    </Filter>
  </ItemGroup>
  <ItemGroup>
    <ClInclude Include="framework.h">
      <Filter>소스 파일\Headers\andro</Filter>
    </ClInclude>
    <ClInclude Include="Resource.h">
      <Filter>소스 파일\Headers\andro</Filter>
    </ClInclude>
    <ClInclude Include="targetver.h">
      <Filter>소스 파일\Headers\andro</Filter>
    </ClInclude>
    <ClInclude Include="stdafx.h">
      <Filter>소스 파일\Headers</Filter>
    </ClInclude>
    <ClInclude Include="practiceDX11.h">
      <Filter>소스 파일\Mains</Filter>
    </ClInclude>
    <ClInclude Include="Values.h">
      <Filter>소스 파일\Headers</Filter>
    </ClInclude>
    <ClInclude Include="Struct.h">
      <Filter>소스 파일\Headers</Filter>
    </ClInclude>
    <ClInclude Include="Types.h">
      <Filter>소스 파일\Headers</Filter>
    </ClInclude>
    <ClInclude Include="Game.h">
      <Filter>소스 파일\Mains</Filter>
    </ClInclude>
  </ItemGroup>
  <ItemGroup>
    <ResourceCompile Include="practiceDX11.rc">
      <Filter>리소스 파일</Filter>
    </ResourceCompile>
  </ItemGroup>
  <ItemGroup>
    <Image Include="small.ico">
      <Filter>리소스 파일</Filter>
    </Image>
    <Image Include="practiceDX11.ico">
      <Filter>리소스 파일</Filter>
    </Image>
  </ItemGroup>
  <ItemGroup>
    <ClCompile Include="practiceDX11.cpp">
      <Filter>소스 파일\Mains</Filter>
    </ClCompile>
    <ClCompile Include="stdafx.cpp">
      <Filter>소스 파일\Headers</Filter>
    </ClCompile>
    <ClCompile Include="Game.cpp">
      <Filter>소스 파일\Mains</Filter>
    </ClCompile>
  </ItemGroup>
</Project>